
Microsoft Visual Studio Solution File, Format Version 12.00
# Visual Studio Version 16
VisualStudioVersion = 16.0.31005.135
MinimumVisualStudioVersion = 10.0.40219.1
Project("{FAE04EC0-301F-11D3-BF4B-00C04F79EFBC}") = "FirearmApp", "FirearmApp\FirearmApp.csproj", "{5C4B9955-9453-42CE-903F-E420C21FC643}"
EndProject
Global
	GlobalSection(SolutionConfigurationPlatforms) = preSolution
		Debug|Any CPU = Debug|Any CPU
		Release|Any CPU = Release|Any CPU
	EndGlobalSection
	GlobalSection(ProjectConfigurationPlatforms) = postSolution
		{5C4B9955-9453-42CE-903F-E420C21FC643}.Debug|Any CPU.ActiveCfg = Debug|Any CPU
		{5C4B9955-9453-42CE-903F-E420C21FC643}.Debug|Any CPU.Build.0 = Debug|Any CPU
		{5C4B9955-9453-42CE-903F-E420C21FC643}.Release|Any CPU.ActiveCfg = Release|Any CPU
		{5C4B9955-9453-42CE-903F-E420C21FC643}.Release|Any CPU.Build.0 = Release|Any CPU
	EndGlobalSection
	GlobalSection(SolutionProperties) = preSolution
		HideSolutionNode = FALSE
	EndGlobalSection
	GlobalSection(ExtensibilityGlobals) = postSolution
		SolutionGuid = {F3E0430E-5DB2-4057-8614-953AC605F4C0}
	EndGlobalSection
EndGlobal
